
Microsoft Visual Studio Solution File, Format Version 12.00
# Visual Studio Version 17
VisualStudioVersion = 17.8.34525.116
MinimumVisualStudioVersion = 10.0.40219.1
Project("{9A19103F-16F7-4668-BE54-9A1E7A4F7556}") = "System_Zarzadzania_Lotami", "System_Zarzadzania_Lotami\System_Zarzadzania_Lotami.csproj", "{F99258F2-4E9C-4769-865A-982887CE0A23}"
EndProject
Project("{9A19103F-16F7-4668-BE54-9A1E7A4F7556}") = "UnitTest", "UnitTests\UnitTest.csproj", "{6B1D5F9A-BC21-46BC-AD2E-05419A1A5294}"
EndProject
Project("{54A90642-561A-4BB1-A94E-469ADEE60C69}") = "FrontEnd", "FrontEnd\FrontEnd.esproj", "{DDD70E65-921B-481B-B2E3-DAECFE312526}"
EndProject
Global
	GlobalSection(SolutionConfigurationPlatforms) = preSolution
		Debug|Any CPU = Debug|Any CPU
		Release|Any CPU = Release|Any CPU
	EndGlobalSection
	GlobalSection(ProjectConfigurationPlatforms) = postSolution
		{F99258F2-4E9C-4769-865A-982887CE0A23}.Debug|Any CPU.ActiveCfg = Debug|Any CPU
		{F99258F2-4E9C-4769-865A-982887CE0A23}.Debug|Any CPU.Build.0 = Debug|Any CPU
		{F99258F2-4E9C-4769-865A-982887CE0A23}.Release|Any CPU.ActiveCfg = Release|Any CPU
		{F99258F2-4E9C-4769-865A-982887CE0A23}.Release|Any CPU.Build.0 = Release|Any CPU
		{6B1D5F9A-BC21-46BC-AD2E-05419A1A5294}.Debug|Any CPU.ActiveCfg = Debug|Any CPU
		{6B1D5F9A-BC21-46BC-AD2E-05419A1A5294}.Debug|Any CPU.Build.0 = Debug|Any CPU
		{6B1D5F9A-BC21-46BC-AD2E-05419A1A5294}.Release|Any CPU.ActiveCfg = Release|Any CPU
		{6B1D5F9A-BC21-46BC-AD2E-05419A1A5294}.Release|Any CPU.Build.0 = Release|Any CPU
		{DDD70E65-921B-481B-B2E3-DAECFE312526}.Debug|Any CPU.ActiveCfg = Debug|Any CPU
		{DDD70E65-921B-481B-B2E3-DAECFE312526}.Debug|Any CPU.Build.0 = Debug|Any CPU
		{DDD70E65-921B-481B-B2E3-DAECFE312526}.Debug|Any CPU.Deploy.0 = Debug|Any CPU
		{DDD70E65-921B-481B-B2E3-DAECFE312526}.Release|Any CPU.ActiveCfg = Release|Any CPU
		{DDD70E65-921B-481B-B2E3-DAECFE312526}.Release|Any CPU.Build.0 = Release|Any CPU
		{DDD70E65-921B-481B-B2E3-DAECFE312526}.Release|Any CPU.Deploy.0 = Release|Any CPU
	EndGlobalSection
	GlobalSection(SolutionProperties) = preSolution
		HideSolutionNode = FALSE
	EndGlobalSection
	GlobalSection(ExtensibilityGlobals) = postSolution
		SolutionGuid = {FE9F4294-E415-44A2-86BB-8D0596928EF3}
	EndGlobalSection
EndGlobal
